
Microsoft Visual Studio Solution File, Format Version 12.00
# Visual Studio Version 17
VisualStudioVersion = 17.8.34309.116
MinimumVisualStudioVersion = 10.0.40219.1
Project("{FAE04EC0-301F-11D3-BF4B-00C04F79EFBC}") = "InputOutput", "InputOutput\InputOutput.csproj", "{4A8BFC7C-DD6A-4E29-AA5B-BDD18FE515C5}"
EndProject
Project("{FAE04EC0-301F-11D3-BF4B-00C04F79EFBC}") = "BuiltInTypes", "BuiltInTypes\BuiltInTypes.csproj", "{0198F4D2-5815-43C9-AD2C-8E117BCB8084}"
EndProject
Project("{FAE04EC0-301F-11D3-BF4B-00C04F79EFBC}") = "StringType", "StringType\StringType.csproj", "{F7D71775-0ED0-4B36-AAD3-E108F10D9FBE}"
EndProject
Global
	GlobalSection(SolutionConfigurationPlatforms) = preSolution
		Debug|Any CPU = Debug|Any CPU
		Release|Any CPU = Release|Any CPU
	EndGlobalSection
	GlobalSection(ProjectConfigurationPlatforms) = postSolution
		{4A8BFC7C-DD6A-4E29-AA5B-BDD18FE515C5}.Debug|Any CPU.ActiveCfg = Debug|Any CPU
		{4A8BFC7C-DD6A-4E29-AA5B-BDD18FE515C5}.Debug|Any CPU.Build.0 = Debug|Any CPU
		{4A8BFC7C-DD6A-4E29-AA5B-BDD18FE515C5}.Release|Any CPU.ActiveCfg = Release|Any CPU
		{4A8BFC7C-DD6A-4E29-AA5B-BDD18FE515C5}.Release|Any CPU.Build.0 = Release|Any CPU
		{0198F4D2-5815-43C9-AD2C-8E117BCB8084}.Debug|Any CPU.ActiveCfg = Debug|Any CPU
		{0198F4D2-5815-43C9-AD2C-8E117BCB8084}.Debug|Any CPU.Build.0 = Debug|Any CPU
		{0198F4D2-5815-43C9-AD2C-8E117BCB8084}.Release|Any CPU.ActiveCfg = Release|Any CPU
		{0198F4D2-5815-43C9-AD2C-8E117BCB8084}.Release|Any CPU.Build.0 = Release|Any CPU
		{F7D71775-0ED0-4B36-AAD3-E108F10D9FBE}.Debug|Any CPU.ActiveCfg = Debug|Any CPU
		{F7D71775-0ED0-4B36-AAD3-E108F10D9FBE}.Debug|Any CPU.Build.0 = Debug|Any CPU
		{F7D71775-0ED0-4B36-AAD3-E108F10D9FBE}.Release|Any CPU.ActiveCfg = Release|Any CPU
		{F7D71775-0ED0-4B36-AAD3-E108F10D9FBE}.Release|Any CPU.Build.0 = Release|Any CPU
	EndGlobalSection
	GlobalSection(SolutionProperties) = preSolution
		HideSolutionNode = FALSE
	EndGlobalSection
	GlobalSection(ExtensibilityGlobals) = postSolution
		SolutionGuid = {21F1E738-1CD7-4DC4-A583-12BBABD66909}
	EndGlobalSection
EndGlobal
